
Microsoft Visual Studio Solution File, Format Version 12.00
# Visual Studio Version 16
VisualStudioVersion = 16.0.30804.86
MinimumVisualStudioVersion = 10.0.40219.1
Project("{FAE04EC0-301F-11D3-BF4B-00C04F79EFBC}") = "WpfDemoCalcAdd.Client", "WpfDemoCalcAdd.Client\WpfDemoCalcAdd.Client.csproj", "{7D034032-A6A0-4284-872D-0D532D6C9C61}"
EndProject
Project("{FAE04EC0-301F-11D3-BF4B-00C04F79EFBC}") = "WpfDemoCrazyElephant", "WpfDemoCrazyElephant\WpfDemoCrazyElephant.csproj", "{220C1B6C-6B89-47E8-A5F1-34867C8E96C5}"
EndProject
Project("{FAE04EC0-301F-11D3-BF4B-00C04F79EFBC}") = "WpfDemoHenJigg", "WpfDemoHenJigg\WpfDemoHenJigg.csproj", "{3130942A-6E70-46B8-B69C-281E4FF77599}"
EndProject
Global
	GlobalSection(SolutionConfigurationPlatforms) = preSolution
		Debug|Any CPU = Debug|Any CPU
		Release|Any CPU = Release|Any CPU
	EndGlobalSection
	GlobalSection(ProjectConfigurationPlatforms) = postSolution
		{7D034032-A6A0-4284-872D-0D532D6C9C61}.Debug|Any CPU.ActiveCfg = Debug|Any CPU
		{7D034032-A6A0-4284-872D-0D532D6C9C61}.Debug|Any CPU.Build.0 = Debug|Any CPU
		{7D034032-A6A0-4284-872D-0D532D6C9C61}.Release|Any CPU.ActiveCfg = Release|Any CPU
		{7D034032-A6A0-4284-872D-0D532D6C9C61}.Release|Any CPU.Build.0 = Release|Any CPU
		{220C1B6C-6B89-47E8-A5F1-34867C8E96C5}.Debug|Any CPU.ActiveCfg = Debug|Any CPU
		{220C1B6C-6B89-47E8-A5F1-34867C8E96C5}.Debug|Any CPU.Build.0 = Debug|Any CPU
		{220C1B6C-6B89-47E8-A5F1-34867C8E96C5}.Release|Any CPU.ActiveCfg = Release|Any CPU
		{220C1B6C-6B89-47E8-A5F1-34867C8E96C5}.Release|Any CPU.Build.0 = Release|Any CPU
		{3130942A-6E70-46B8-B69C-281E4FF77599}.Debug|Any CPU.ActiveCfg = Debug|Any CPU
		{3130942A-6E70-46B8-B69C-281E4FF77599}.Debug|Any CPU.Build.0 = Debug|Any CPU
		{3130942A-6E70-46B8-B69C-281E4FF77599}.Release|Any CPU.ActiveCfg = Release|Any CPU
		{3130942A-6E70-46B8-B69C-281E4FF77599}.Release|Any CPU.Build.0 = Release|Any CPU
	EndGlobalSection
	GlobalSection(SolutionProperties) = preSolution
		HideSolutionNode = FALSE
	EndGlobalSection
	GlobalSection(ExtensibilityGlobals) = postSolution
		SolutionGuid = {0E824BC0-3C35-4447-96B8-D035FC2EE1D4}
	EndGlobalSection
EndGlobal
